
Microsoft Visual Studio Solution File, Format Version 12.00
# Visual Studio Version 16
VisualStudioVersion = 16.0.30907.101
MinimumVisualStudioVersion = 10.0.40219.1
Project("{888888A0-9F3D-457C-B088-3A5042F75D52}") = "Chess", "Chess.pyproj", "{9EF7B53E-76D6-4CE7-8D32-096278D8DD8C}"
EndProject
Global
	GlobalSection(SolutionConfigurationPlatforms) = preSolution
		Debug|Any CPU = Debug|Any CPU
		Release|Any CPU = Release|Any CPU
	EndGlobalSection
	GlobalSection(ProjectConfigurationPlatforms) = postSolution
		{9EF7B53E-76D6-4CE7-8D32-096278D8DD8C}.Debug|Any CPU.ActiveCfg = Debug|Any CPU
		{9EF7B53E-76D6-4CE7-8D32-096278D8DD8C}.Release|Any CPU.ActiveCfg = Release|Any CPU
	EndGlobalSection
	GlobalSection(SolutionProperties) = preSolution
		HideSolutionNode = FALSE
	EndGlobalSection
	GlobalSection(ExtensibilityGlobals) = postSolution
		SolutionGuid = {82901EBF-7396-4FB7-A8D0-B8134F6F0C9A}
	EndGlobalSection
EndGlobal
